
Microsoft Visual Studio Solution File, Format Version 12.00
# Visual Studio Version 16
VisualStudioVersion = 16.0.30907.101
MinimumVisualStudioVersion = 10.0.40219.1
Project("{9A19103F-16F7-4668-BE54-9A1E7A4F7556}") = "PaymentGateway", "PaymentGateway\PaymentGateway.csproj", "{36EB91A0-B85A-469F-99FE-45D838C3A1C7}"
EndProject
Project("{9A19103F-16F7-4668-BE54-9A1E7A4F7556}") = "PaymentGateway.Test", "PaymentGateway.Test\PaymentGateway.Test.csproj", "{3A1F14F9-6B80-4673-A383-BD666362FCB8}"
EndProject
Project("{2150E333-8FDC-42A3-9474-1A3956D46DE8}") = "SolutionItems", "SolutionItems", "{33F6C575-8ADC-45A6-AADB-CF923482AA20}"
	ProjectSection(SolutionItems) = preProject
		DevEnvironmentSetup.ps1 = DevEnvironmentSetup.ps1
		readme.md = readme.md
	EndProjectSection
EndProject
Global
	GlobalSection(SolutionConfigurationPlatforms) = preSolution
		Debug|Any CPU = Debug|Any CPU
		Release|Any CPU = Release|Any CPU
	EndGlobalSection
	GlobalSection(ProjectConfigurationPlatforms) = postSolution
		{36EB91A0-B85A-469F-99FE-45D838C3A1C7}.Debug|Any CPU.ActiveCfg = Debug|Any CPU
		{36EB91A0-B85A-469F-99FE-45D838C3A1C7}.Debug|Any CPU.Build.0 = Debug|Any CPU
		{36EB91A0-B85A-469F-99FE-45D838C3A1C7}.Release|Any CPU.ActiveCfg = Release|Any CPU
		{36EB91A0-B85A-469F-99FE-45D838C3A1C7}.Release|Any CPU.Build.0 = Release|Any CPU
		{3A1F14F9-6B80-4673-A383-BD666362FCB8}.Debug|Any CPU.ActiveCfg = Debug|Any CPU
		{3A1F14F9-6B80-4673-A383-BD666362FCB8}.Debug|Any CPU.Build.0 = Debug|Any CPU
		{3A1F14F9-6B80-4673-A383-BD666362FCB8}.Release|Any CPU.ActiveCfg = Release|Any CPU
		{3A1F14F9-6B80-4673-A383-BD666362FCB8}.Release|Any CPU.Build.0 = Release|Any CPU
	EndGlobalSection
	GlobalSection(SolutionProperties) = preSolution
		HideSolutionNode = FALSE
	EndGlobalSection
	GlobalSection(ExtensibilityGlobals) = postSolution
		SolutionGuid = {F9E9A1C6-B73A-4002-A039-264D3674ED5B}
	EndGlobalSection
EndGlobal
